
Microsoft Visual Studio Solution File, Format Version 12.00
# Visual Studio 15
VisualStudioVersion = 15.0.26124.0
MinimumVisualStudioVersion = 15.0.26124.0
Project("{FAE04EC0-301F-11D3-BF4B-00C04F79EFBC}") = "TopKala", "TopKala\TopKala.csproj", "{3916D453-5FE3-4BE7-A1A5-EA25C54841D1}"
EndProject
Project("{FAE04EC0-301F-11D3-BF4B-00C04F79EFBC}") = "TopKala.DataAccess", "TopKala.DataAccess\TopKala.DataAccess.csproj", "{123C93D8-45B8-41B3-AB0A-9C93F636C389}"
EndProject
Project("{FAE04EC0-301F-11D3-BF4B-00C04F79EFBC}") = "TopKala.Models", "TopKala.Models\TopKala.Models.csproj", "{C65EBD1D-D502-4E9C-8B94-6016B352F781}"
EndProject
Project("{FAE04EC0-301F-11D3-BF4B-00C04F79EFBC}") = "TopKala.Utility", "TopKala.Utility\TopKala.Utility.csproj", "{AD6109FC-9A77-46A5-8EA3-92E16C69A2A2}"
EndProject
Global
	GlobalSection(SolutionConfigurationPlatforms) = preSolution
		Debug|Any CPU = Debug|Any CPU
		Debug|x64 = Debug|x64
		Debug|x86 = Debug|x86
		Release|Any CPU = Release|Any CPU
		Release|x64 = Release|x64
		Release|x86 = Release|x86
	EndGlobalSection
	GlobalSection(SolutionProperties) = preSolution
		HideSolutionNode = FALSE
	EndGlobalSection
	GlobalSection(ProjectConfigurationPlatforms) = postSolution
		{3916D453-5FE3-4BE7-A1A5-EA25C54841D1}.Debug|Any CPU.ActiveCfg = Debug|Any CPU
		{3916D453-5FE3-4BE7-A1A5-EA25C54841D1}.Debug|Any CPU.Build.0 = Debug|Any CPU
		{3916D453-5FE3-4BE7-A1A5-EA25C54841D1}.Debug|x64.ActiveCfg = Debug|Any CPU
		{3916D453-5FE3-4BE7-A1A5-EA25C54841D1}.Debug|x64.Build.0 = Debug|Any CPU
		{3916D453-5FE3-4BE7-A1A5-EA25C54841D1}.Debug|x86.ActiveCfg = Debug|Any CPU
		{3916D453-5FE3-4BE7-A1A5-EA25C54841D1}.Debug|x86.Build.0 = Debug|Any CPU
		{3916D453-5FE3-4BE7-A1A5-EA25C54841D1}.Release|Any CPU.ActiveCfg = Release|Any CPU
		{3916D453-5FE3-4BE7-A1A5-EA25C54841D1}.Release|Any CPU.Build.0 = Release|Any CPU
		{3916D453-5FE3-4BE7-A1A5-EA25C54841D1}.Release|x64.ActiveCfg = Release|Any CPU
		{3916D453-5FE3-4BE7-A1A5-EA25C54841D1}.Release|x64.Build.0 = Release|Any CPU
		{3916D453-5FE3-4BE7-A1A5-EA25C54841D1}.Release|x86.ActiveCfg = Release|Any CPU
		{3916D453-5FE3-4BE7-A1A5-EA25C54841D1}.Release|x86.Build.0 = Release|Any CPU
		{123C93D8-45B8-41B3-AB0A-9C93F636C389}.Debug|Any CPU.ActiveCfg = Debug|Any CPU
		{123C93D8-45B8-41B3-AB0A-9C93F636C389}.Debug|Any CPU.Build.0 = Debug|Any CPU
		{123C93D8-45B8-41B3-AB0A-9C93F636C389}.Debug|x64.ActiveCfg = Debug|Any CPU
		{123C93D8-45B8-41B3-AB0A-9C93F636C389}.Debug|x64.Build.0 = Debug|Any CPU
		{123C93D8-45B8-41B3-AB0A-9C93F636C389}.Debug|x86.ActiveCfg = Debug|Any CPU
		{123C93D8-45B8-41B3-AB0A-9C93F636C389}.Debug|x86.Build.0 = Debug|Any CPU
		{123C93D8-45B8-41B3-AB0A-9C93F636C389}.Release|Any CPU.ActiveCfg = Release|Any CPU
		{123C93D8-45B8-41B3-AB0A-9C93F636C389}.Release|Any CPU.Build.0 = Release|Any CPU
		{123C93D8-45B8-41B3-AB0A-9C93F636C389}.Release|x64.ActiveCfg = Release|Any CPU
		{123C93D8-45B8-41B3-AB0A-9C93F636C389}.Release|x64.Build.0 = Release|Any CPU
		{123C93D8-45B8-41B3-AB0A-9C93F636C389}.Release|x86.ActiveCfg = Release|Any CPU
		{123C93D8-45B8-41B3-AB0A-9C93F636C389}.Release|x86.Build.0 = Release|Any CPU
		{C65EBD1D-D502-4E9C-8B94-6016B352F781}.Debug|Any CPU.ActiveCfg = Debug|Any CPU
		{C65EBD1D-D502-4E9C-8B94-6016B352F781}.Debug|Any CPU.Build.0 = Debug|Any CPU
		{C65EBD1D-D502-4E9C-8B94-6016B352F781}.Debug|x64.ActiveCfg = Debug|Any CPU
		{C65EBD1D-D502-4E9C-8B94-6016B352F781}.Debug|x64.Build.0 = Debug|Any CPU
		{C65EBD1D-D502-4E9C-8B94-6016B352F781}.Debug|x86.ActiveCfg = Debug|Any CPU
		{C65EBD1D-D502-4E9C-8B94-6016B352F781}.Debug|x86.Build.0 = Debug|Any CPU
		{C65EBD1D-D502-4E9C-8B94-6016B352F781}.Release|Any CPU.ActiveCfg = Release|Any CPU
		{C65EBD1D-D502-4E9C-8B94-6016B352F781}.Release|Any CPU.Build.0 = Release|Any CPU
		{C65EBD1D-D502-4E9C-8B94-6016B352F781}.Release|x64.ActiveCfg = Release|Any CPU
		{C65EBD1D-D502-4E9C-8B94-6016B352F781}.Release|x64.Build.0 = Release|Any CPU
		{C65EBD1D-D502-4E9C-8B94-6016B352F781}.Release|x86.ActiveCfg = Release|Any CPU
		{C65EBD1D-D502-4E9C-8B94-6016B352F781}.Release|x86.Build.0 = Release|Any CPU
		{AD6109FC-9A77-46A5-8EA3-92E16C69A2A2}.Debug|Any CPU.ActiveCfg = Debug|Any CPU
		{AD6109FC-9A77-46A5-8EA3-92E16C69A2A2}.Debug|Any CPU.Build.0 = Debug|Any CPU
		{AD6109FC-9A77-46A5-8EA3-92E16C69A2A2}.Debug|x64.ActiveCfg = Debug|Any CPU
		{AD6109FC-9A77-46A5-8EA3-92E16C69A2A2}.Debug|x64.Build.0 = Debug|Any CPU
		{AD6109FC-9A77-46A5-8EA3-92E16C69A2A2}.Debug|x86.ActiveCfg = Debug|Any CPU
		{AD6109FC-9A77-46A5-8EA3-92E16C69A2A2}.Debug|x86.Build.0 = Debug|Any CPU
		{AD6109FC-9A77-46A5-8EA3-92E16C69A2A2}.Release|Any CPU.ActiveCfg = Release|Any CPU
		{AD6109FC-9A77-46A5-8EA3-92E16C69A2A2}.Release|Any CPU.Build.0 = Release|Any CPU
		{AD6109FC-9A77-46A5-8EA3-92E16C69A2A2}.Release|x64.ActiveCfg = Release|Any CPU
		{AD6109FC-9A77-46A5-8EA3-92E16C69A2A2}.Release|x64.Build.0 = Release|Any CPU
		{AD6109FC-9A77-46A5-8EA3-92E16C69A2A2}.Release|x86.ActiveCfg = Release|Any CPU
		{AD6109FC-9A77-46A5-8EA3-92E16C69A2A2}.Release|x86.Build.0 = Release|Any CPU
	EndGlobalSection
EndGlobal
